// !$*UTF8*$!
{
	archiveVersion = 1;
	classes = {
	};
	objectVersion = 56;
	objects = {

/* Begin PBXBuildFile section */
		71DA01EA2AC787590065D295 /* AppetizersApp.swift in Sources */ = {isa = PBXBuildFile; fileRef = 71DA01E92AC787590065D295 /* AppetizersApp.swift */; };
		71DA01EC2AC787590065D295 /* AppetizerTabView.swift in Sources */ = {isa = PBXBuildFile; fileRef = 71DA01EB2AC787590065D295 /* AppetizerTabView.swift */; };
		71DA01EE2AC7875B0065D295 /* Assets.xcassets in Resources */ = {isa = PBXBuildFile; fileRef = 71DA01ED2AC7875B0065D295 /* Assets.xcassets */; };
		71DA01F12AC7875B0065D295 /* Preview Assets.xcassets in Resources */ = {isa = PBXBuildFile; fileRef = 71DA01F02AC7875B0065D295 /* Preview Assets.xcassets */; };
		71DA01F82AC787A10065D295 /* AppetizerListView.swift in Sources */ = {isa = PBXBuildFile; fileRef = 71DA01F72AC787A10065D295 /* AppetizerListView.swift */; };
		71DA01FA2AC787AB0065D295 /* AccountView.swift in Sources */ = {isa = PBXBuildFile; fileRef = 71DA01F92AC787AB0065D295 /* AccountView.swift */; };
		71DA01FC2AC787BA0065D295 /* OrderView.swift in Sources */ = {isa = PBXBuildFile; fileRef = 71DA01FB2AC787BA0065D295 /* OrderView.swift */; };
		96CC5FE22ACB68C6005F96F3 /* Appetizer.swift in Sources */ = {isa = PBXBuildFile; fileRef = 96CC5FE12ACB68C6005F96F3 /* Appetizer.swift */; };
		96CC5FE42ACB6BE4005F96F3 /* AppetizerListCell.swift in Sources */ = {isa = PBXBuildFile; fileRef = 96CC5FE32ACB6BE4005F96F3 /* AppetizerListCell.swift */; };
		96CC5FE62ACC815E005F96F3 /* NetworkManager.swift in Sources */ = {isa = PBXBuildFile; fileRef = 96CC5FE52ACC815E005F96F3 /* NetworkManager.swift */; };
		96CC5FE82ACC8244005F96F3 /* APError.swift in Sources */ = {isa = PBXBuildFile; fileRef = 96CC5FE72ACC8244005F96F3 /* APError.swift */; };
		96DF73CD2ACC87E500573B72 /* AppetizerListViewModel.swift in Sources */ = {isa = PBXBuildFile; fileRef = 96DF73CC2ACC87E500573B72 /* AppetizerListViewModel.swift */; };
		96DF73CF2ACC893300573B72 /* Alert.swift in Sources */ = {isa = PBXBuildFile; fileRef = 96DF73CE2ACC893300573B72 /* Alert.swift */; };
		96DF73D12ACDD49000573B72 /* LoadingView.swift in Sources */ = {isa = PBXBuildFile; fileRef = 96DF73D02ACDD49000573B72 /* LoadingView.swift */; };
		96DF73D32ACDD5A200573B72 /* Color+Ext.swift in Sources */ = {isa = PBXBuildFile; fileRef = 96DF73D22ACDD5A200573B72 /* Color+Ext.swift */; };
		96DF73D52ACDDA6A00573B72 /* RemoteImage.swift in Sources */ = {isa = PBXBuildFile; fileRef = 96DF73D42ACDDA6A00573B72 /* RemoteImage.swift */; };
/* End PBXBuildFile section */

/* Begin PBXFileReference section */
		71DA01E62AC787590065D295 /* Appetizers.app */ = {isa = PBXFileReference; explicitFileType = wrapper.application; includeInIndex = 0; path = Appetizers.app; sourceTree = BUILT_PRODUCTS_DIR; };
		71DA01E92AC787590065D295 /* AppetizersApp.swift */ = {isa = PBXFileReference; lastKnownFileType = sourcecode.swift; path = AppetizersApp.swift; sourceTree = "<group>"; };
		71DA01EB2AC787590065D295 /* AppetizerTabView.swift */ = {isa = PBXFileReference; lastKnownFileType = sourcecode.swift; path = AppetizerTabView.swift; sourceTree = "<group>"; };
		71DA01ED2AC7875B0065D295 /* Assets.xcassets */ = {isa = PBXFileReference; lastKnownFileType = folder.assetcatalog; path = Assets.xcassets; sourceTree = "<group>"; };
		71DA01F02AC7875B0065D295 /* Preview Assets.xcassets */ = {isa = PBXFileReference; lastKnownFileType = folder.assetcatalog; path = "Preview Assets.xcassets"; sourceTree = "<group>"; };
		71DA01F72AC787A10065D295 /* AppetizerListView.swift */ = {isa = PBXFileReference; lastKnownFileType = sourcecode.swift; path = AppetizerListView.swift; sourceTree = "<group>"; };
		71DA01F92AC787AB0065D295 /* AccountView.swift */ = {isa = PBXFileReference; lastKnownFileType = sourcecode.swift; path = AccountView.swift; sourceTree = "<group>"; };
		71DA01FB2AC787BA0065D295 /* OrderView.swift */ = {isa = PBXFileReference; lastKnownFileType = sourcecode.swift; path = OrderView.swift; sourceTree = "<group>"; };
		96CC5FE12ACB68C6005F96F3 /* Appetizer.swift */ = {isa = PBXFileReference; lastKnownFileType = sourcecode.swift; path = Appetizer.swift; sourceTree = "<group>"; };
		96CC5FE32ACB6BE4005F96F3 /* AppetizerListCell.swift */ = {isa = PBXFileReference; lastKnownFileType = sourcecode.swift; path = AppetizerListCell.swift; sourceTree = "<group>"; };
		96CC5FE52ACC815E005F96F3 /* NetworkManager.swift */ = {isa = PBXFileReference; lastKnownFileType = sourcecode.swift; path = NetworkManager.swift; sourceTree = "<group>"; };
		96CC5FE72ACC8244005F96F3 /* APError.swift */ = {isa = PBXFileReference; lastKnownFileType = sourcecode.swift; path = APError.swift; sourceTree = "<group>"; };
		96DF73CC2ACC87E500573B72 /* AppetizerListViewModel.swift */ = {isa = PBXFileReference; lastKnownFileType = sourcecode.swift; path = AppetizerListViewModel.swift; sourceTree = "<group>"; };
		96DF73CE2ACC893300573B72 /* Alert.swift */ = {isa = PBXFileReference; lastKnownFileType = sourcecode.swift; path = Alert.swift; sourceTree = "<group>"; };
		96DF73D02ACDD49000573B72 /* LoadingView.swift */ = {isa = PBXFileReference; lastKnownFileType = sourcecode.swift; path = LoadingView.swift; sourceTree = "<group>"; };
		96DF73D22ACDD5A200573B72 /* Color+Ext.swift */ = {isa = PBXFileReference; lastKnownFileType = sourcecode.swift; path = "Color+Ext.swift"; sourceTree = "<group>"; };
		96DF73D42ACDDA6A00573B72 /* RemoteImage.swift */ = {isa = PBXFileReference; lastKnownFileType = sourcecode.swift; path = RemoteImage.swift; sourceTree = "<group>"; };
/* End PBXFileReference section */

/* Begin PBXFrameworksBuildPhase section */
		71DA01E32AC787590065D295 /* Frameworks */ = {
			isa = PBXFrameworksBuildPhase;
			buildActionMask = 2147483647;
			files = (
			);
			runOnlyForDeploymentPostprocessing = 0;
		};
/* End PBXFrameworksBuildPhase section */

/* Begin PBXGroup section */
		71DA01DD2AC787590065D295 = {
			isa = PBXGroup;
			children = (
				71DA01E82AC787590065D295 /* Appetizers */,
				71DA01E72AC787590065D295 /* Products */,
			);
			sourceTree = "<group>";
		};
		71DA01E72AC787590065D295 /* Products */ = {
			isa = PBXGroup;
			children = (
				71DA01E62AC787590065D295 /* Appetizers.app */,
			);
			name = Products;
			sourceTree = "<group>";
		};
		71DA01E82AC787590065D295 /* Appetizers */ = {
			isa = PBXGroup;
			children = (
				96DF73E02ACF66F800573B72 /* Model */,
				96DF73DC2ACF66BB00573B72 /* Utils */,
				96DF73D62ACF665800573B72 /* Screens */,
				96DF73D72ACF665F00573B72 /* Views */,
				71DA01E92AC787590065D295 /* AppetizersApp.swift */,
				71DA01ED2AC7875B0065D295 /* Assets.xcassets */,
				71DA01EF2AC7875B0065D295 /* Preview Content */,
			);
			path = Appetizers;
			sourceTree = "<group>";
		};
		71DA01EF2AC7875B0065D295 /* Preview Content */ = {
			isa = PBXGroup;
			children = (
				71DA01F02AC7875B0065D295 /* Preview Assets.xcassets */,
			);
			path = "Preview Content";
			sourceTree = "<group>";
		};
		96DF73D62ACF665800573B72 /* Screens */ = {
			isa = PBXGroup;
			children = (
				71DA01EB2AC787590065D295 /* AppetizerTabView.swift */,
				96DF73DA2ACF668800573B72 /* AccountView */,
				96DF73D92ACF667A00573B72 /* AppetizerListView */,
				96DF73DB2ACF669000573B72 /* OrderView */,
			);
			path = Screens;
			sourceTree = "<group>";
		};
		96DF73D72ACF665F00573B72 /* Views */ = {
			isa = PBXGroup;
			children = (
				96DF73E22ACF673000573B72 /* Image */,
				96DF73E12ACF672900573B72 /* Cells */,
				96DF73D82ACF666400573B72 /* UIKitComponents */,
			);
			path = Views;
			sourceTree = "<group>";
		};
		96DF73D82ACF666400573B72 /* UIKitComponents */ = {
			isa = PBXGroup;
			children = (
				96DF73D02ACDD49000573B72 /* LoadingView.swift */,
			);
			path = UIKitComponents;
			sourceTree = "<group>";
		};
		96DF73D92ACF667A00573B72 /* AppetizerListView */ = {
			isa = PBXGroup;
			children = (
				96DF73CC2ACC87E500573B72 /* AppetizerListViewModel.swift */,
				71DA01F72AC787A10065D295 /* AppetizerListView.swift */,
			);
			path = AppetizerListView;
			sourceTree = "<group>";
		};
		96DF73DA2ACF668800573B72 /* AccountView */ = {
			isa = PBXGroup;
			children = (
				71DA01F92AC787AB0065D295 /* AccountView.swift */,
			);
			path = AccountView;
			sourceTree = "<group>";
		};
		96DF73DB2ACF669000573B72 /* OrderView */ = {
			isa = PBXGroup;
			children = (
				71DA01FB2AC787BA0065D295 /* OrderView.swift */,
			);
			path = OrderView;
			sourceTree = "<group>";
		};
		96DF73DC2ACF66BB00573B72 /* Utils */ = {
			isa = PBXGroup;
			children = (
				96DF73DF2ACF66D800573B72 /* Alert */,
				96DF73DE2ACF66CA00573B72 /* Extensions */,
				96DF73DD2ACF66C100573B72 /* Managers */,
			);
			path = Utils;
			sourceTree = "<group>";
		};
		96DF73DD2ACF66C100573B72 /* Managers */ = {
			isa = PBXGroup;
			children = (
				96CC5FE52ACC815E005F96F3 /* NetworkManager.swift */,
			);
			path = Managers;
			sourceTree = "<group>";
		};
		96DF73DE2ACF66CA00573B72 /* Extensions */ = {
			isa = PBXGroup;
			children = (
				96DF73D22ACDD5A200573B72 /* Color+Ext.swift */,
			);
			path = Extensions;
			sourceTree = "<group>";
		};
		96DF73DF2ACF66D800573B72 /* Alert */ = {
			isa = PBXGroup;
			children = (
				96CC5FE72ACC8244005F96F3 /* APError.swift */,
				96DF73CE2ACC893300573B72 /* Alert.swift */,
			);
			path = Alert;
			sourceTree = "<group>";
		};
		96DF73E02ACF66F800573B72 /* Model */ = {
			isa = PBXGroup;
			children = (
				96CC5FE12ACB68C6005F96F3 /* Appetizer.swift */,
			);
			path = Model;
			sourceTree = "<group>";
		};
		96DF73E12ACF672900573B72 /* Cells */ = {
			isa = PBXGroup;
			children = (
				96CC5FE32ACB6BE4005F96F3 /* AppetizerListCell.swift */,
			);
			path = Cells;
			sourceTree = "<group>";
		};
		96DF73E22ACF673000573B72 /* Image */ = {
			isa = PBXGroup;
			children = (
				96DF73D42ACDDA6A00573B72 /* RemoteImage.swift */,
			);
			path = Image;
			sourceTree = "<group>";
		};
/* End PBXGroup section */

/* Begin PBXNativeTarget section */
		71DA01E52AC787590065D295 /* Appetizers */ = {
			isa = PBXNativeTarget;
			buildConfigurationList = 71DA01F42AC7875B0065D295 /* Build configuration list for PBXNativeTarget "Appetizers" */;
			buildPhases = (
				71DA01E22AC787590065D295 /* Sources */,
				71DA01E32AC787590065D295 /* Frameworks */,
				71DA01E42AC787590065D295 /* Resources */,
			);
			buildRules = (
			);
			dependencies = (
			);
			name = Appetizers;
			productName = Appetizers;
			productReference = 71DA01E62AC787590065D295 /* Appetizers.app */;
			productType = "com.apple.product-type.application";
		};
/* End PBXNativeTarget section */

/* Begin PBXProject section */
		71DA01DE2AC787590065D295 /* Project object */ = {
			isa = PBXProject;
			attributes = {
				BuildIndependentTargetsInParallel = 1;
				LastSwiftUpdateCheck = 1430;
				LastUpgradeCheck = 1430;
				TargetAttributes = {
					71DA01E52AC787590065D295 = {
						CreatedOnToolsVersion = 14.3.1;
					};
				};
			};
			buildConfigurationList = 71DA01E12AC787590065D295 /* Build configuration list for PBXProject "Appetizers" */;
			compatibilityVersion = "Xcode 14.0";
			developmentRegion = en;
			hasScannedForEncodings = 0;
			knownRegions = (
				en,
				Base,
			);
			mainGroup = 71DA01DD2AC787590065D295;
			productRefGroup = 71DA01E72AC787590065D295 /* Products */;
			projectDirPath = "";
			projectRoot = "";
			targets = (
				71DA01E52AC787590065D295 /* Appetizers */,
			);
		};
/* End PBXProject section */

/* Begin PBXResourcesBuildPhase section */
		71DA01E42AC787590065D295 /* Resources */ = {
			isa = PBXResourcesBuildPhase;
			buildActionMask = 2147483647;
			files = (
				71DA01F12AC7875B0065D295 /* Preview Assets.xcassets in Resources */,
				71DA01EE2AC7875B0065D295 /* Assets.xcassets in Resources */,
			);
			runOnlyForDeploymentPostprocessing = 0;
		};
/* End PBXResourcesBuildPhase section */

/* Begin PBXSourcesBuildPhase section */
		71DA01E22AC787590065D295 /* Sources */ = {
			isa = PBXSourcesBuildPhase;
			buildActionMask = 2147483647;
			files = (
				96CC5FE42ACB6BE4005F96F3 /* AppetizerListCell.swift in Sources */,
				96CC5FE82ACC8244005F96F3 /* APError.swift in Sources */,
				96CC5FE22ACB68C6005F96F3 /* Appetizer.swift in Sources */,
				96DF73CD2ACC87E500573B72 /* AppetizerListViewModel.swift in Sources */,
				96DF73D32ACDD5A200573B72 /* Color+Ext.swift in Sources */,
				71DA01FA2AC787AB0065D295 /* AccountView.swift in Sources */,
				96DF73D12ACDD49000573B72 /* LoadingView.swift in Sources */,
				71DA01EC2AC787590065D295 /* AppetizerTabView.swift in Sources */,
				96CC5FE62ACC815E005F96F3 /* NetworkManager.swift in Sources */,
				96DF73D52ACDDA6A00573B72 /* RemoteImage.swift in Sources */,
				71DA01EA2AC787590065D295 /* AppetizersApp.swift in Sources */,
				96DF73CF2ACC893300573B72 /* Alert.swift in Sources */,
				71DA01F82AC787A10065D295 /* AppetizerListView.swift in Sources */,
				71DA01FC2AC787BA0065D295 /* OrderView.swift in Sources */,
			);
			runOnlyForDeploymentPostprocessing = 0;
		};
/* End PBXSourcesBuildPhase section */

/* Begin XCBuildConfiguration section */
		71DA01F22AC7875B0065D295 /* Debug */ = {
			isa = XCBuildConfiguration;
			buildSettings = {
				ALWAYS_SEARCH_USER_PATHS = NO;
				CLANG_ANALYZER_NONNULL = YES;
				CLANG_ANALYZER_NUMBER_OBJECT_CONVERSION = YES_AGGRESSIVE;
				CLANG_CXX_LANGUAGE_STANDARD = "gnu++20";
				CLANG_ENABLE_MODULES = YES;
				CLANG_ENABLE_OBJC_ARC = YES;
				CLANG_ENABLE_OBJC_WEAK = YES;
				CLANG_WARN_BLOCK_CAPTURE_AUTORELEASING = YES;
				CLANG_WARN_BOOL_CONVERSION = YES;
				CLANG_WARN_COMMA = YES;
				CLANG_WARN_CONSTANT_CONVERSION = YES;
				CLANG_WARN_DEPRECATED_OBJC_IMPLEMENTATIONS = YES;
				CLANG_WARN_DIRECT_OBJC_ISA_USAGE = YES_ERROR;
				CLANG_WARN_DOCUMENTATION_COMMENTS = YES;
				CLANG_WARN_EMPTY_BODY = YES;
				CLANG_WARN_ENUM_CONVERSION = YES;
				CLANG_WARN_INFINITE_RECURSION = YES;
				CLANG_WARN_INT_CONVERSION = YES;
				CLANG_WARN_NON_LITERAL_NULL_CONVERSION = YES;
				CLANG_WARN_OBJC_IMPLICIT_RETAIN_SELF = YES;
				CLANG_WARN_OBJC_LITERAL_CONVERSION = YES;
				CLANG_WARN_OBJC_ROOT_CLASS = YES_ERROR;
				CLANG_WARN_QUOTED_INCLUDE_IN_FRAMEWORK_HEADER = YES;
				CLANG_WARN_RANGE_LOOP_ANALYSIS = YES;
				CLANG_WARN_STRICT_PROTOTYPES = YES;
				CLANG_WARN_SUSPICIOUS_MOVE = YES;
				CLANG_WARN_UNGUARDED_AVAILABILITY = YES_AGGRESSIVE;
				CLANG_WARN_UNREACHABLE_CODE = YES;
				CLANG_WARN__DUPLICATE_METHOD_MATCH = YES;
				COPY_PHASE_STRIP = NO;
				DEBUG_INFORMATION_FORMAT = dwarf;
				ENABLE_STRICT_OBJC_MSGSEND = YES;
				ENABLE_TESTABILITY = YES;
				GCC_C_LANGUAGE_STANDARD = gnu11;
				GCC_DYNAMIC_NO_PIC = NO;
				GCC_NO_COMMON_BLOCKS = YES;
				GCC_OPTIMIZATION_LEVEL = 0;
				GCC_PREPROCESSOR_DEFINITIONS = (
					"DEBUG=1",
					"$(inherited)",
				);
				GCC_WARN_64_TO_32_BIT_CONVERSION = YES;
				GCC_WARN_ABOUT_RETURN_TYPE = YES_ERROR;
				GCC_WARN_UNDECLARED_SELECTOR = YES;
				GCC_WARN_UNINITIALIZED_AUTOS = YES_AGGRESSIVE;
				GCC_WARN_UNUSED_FUNCTION = YES;
				GCC_WARN_UNUSED_VARIABLE = YES;
				IPHONEOS_DEPLOYMENT_TARGET = 14.0;
				MTL_ENABLE_DEBUG_INFO = INCLUDE_SOURCE;
				MTL_FAST_MATH = YES;
				ONLY_ACTIVE_ARCH = YES;
				SDKROOT = iphoneos;
				SWIFT_ACTIVE_COMPILATION_CONDITIONS = DEBUG;
				SWIFT_OPTIMIZATION_LEVEL = "-Onone";
			};
			name = Debug;
		};
		71DA01F32AC7875B0065D295 /* Release */ = {
			isa = XCBuildConfiguration;
			buildSettings = {
				ALWAYS_SEARCH_USER_PATHS = NO;
				CLANG_ANALYZER_NONNULL = YES;
				CLANG_ANALYZER_NUMBER_OBJECT_CONVERSION = YES_AGGRESSIVE;
				CLANG_CXX_LANGUAGE_STANDARD = "gnu++20";
				CLANG_ENABLE_MODULES = YES;
				CLANG_ENABLE_OBJC_ARC = YES;
				CLANG_ENABLE_OBJC_WEAK = YES;
				CLANG_WARN_BLOCK_CAPTURE_AUTORELEASING = YES;
				CLANG_WARN_BOOL_CONVERSION = YES;
				CLANG_WARN_COMMA = YES;
				CLANG_WARN_CONSTANT_CONVERSION = YES;
				CLANG_WARN_DEPRECATED_OBJC_IMPLEMENTATIONS = YES;
				CLANG_WARN_DIRECT_OBJC_ISA_USAGE = YES_ERROR;
				CLANG_WARN_DOCUMENTATION_COMMENTS = YES;
				CLANG_WARN_EMPTY_BODY = YES;
				CLANG_WARN_ENUM_CONVERSION = YES;
				CLANG_WARN_INFINITE_RECURSION = YES;
				CLANG_WARN_INT_CONVERSION = YES;
				CLANG_WARN_NON_LITERAL_NULL_CONVERSION = YES;
				CLANG_WARN_OBJC_IMPLICIT_RETAIN_SELF = YES;
				CLANG_WARN_OBJC_LITERAL_CONVERSION = YES;
				CLANG_WARN_OBJC_ROOT_CLASS = YES_ERROR;
				CLANG_WARN_QUOTED_INCLUDE_IN_FRAMEWORK_HEADER = YES;
				CLANG_WARN_RANGE_LOOP_ANALYSIS = YES;
				CLANG_WARN_STRICT_PROTOTYPES = YES;
				CLANG_WARN_SUSPICIOUS_MOVE = YES;
				CLANG_WARN_UNGUARDED_AVAILABILITY = YES_AGGRESSIVE;
				CLANG_WARN_UNREACHABLE_CODE = YES;
				CLANG_WARN__DUPLICATE_METHOD_MATCH = YES;
				COPY_PHASE_STRIP = NO;
				DEBUG_INFORMATION_FORMAT = "dwarf-with-dsym";
				ENABLE_NS_ASSERTIONS = NO;
				ENABLE_STRICT_OBJC_MSGSEND = YES;
				GCC_C_LANGUAGE_STANDARD = gnu11;
				GCC_NO_COMMON_BLOCKS = YES;
				GCC_WARN_64_TO_32_BIT_CONVERSION = YES;
				GCC_WARN_ABOUT_RETURN_TYPE = YES_ERROR;
				GCC_WARN_UNDECLARED_SELECTOR = YES;
				GCC_WARN_UNINITIALIZED_AUTOS = YES_AGGRESSIVE;
				GCC_WARN_UNUSED_FUNCTION = YES;
				GCC_WARN_UNUSED_VARIABLE = YES;
				IPHONEOS_DEPLOYMENT_TARGET = 14.0;
				MTL_ENABLE_DEBUG_INFO = NO;
				MTL_FAST_MATH = YES;
				SDKROOT = iphoneos;
				SWIFT_COMPILATION_MODE = wholemodule;
				SWIFT_OPTIMIZATION_LEVEL = "-O";
				VALIDATE_PRODUCT = YES;
			};
			name = Release;
		};
		71DA01F52AC7875B0065D295 /* Debug */ = {
			isa = XCBuildConfiguration;
			buildSettings = {
				ASSETCATALOG_COMPILER_APPICON_NAME = AppIcon;
				ASSETCATALOG_COMPILER_GLOBAL_ACCENT_COLOR_NAME = AccentColor;
				CODE_SIGN_STYLE = Automatic;
				CURRENT_PROJECT_VERSION = 1;
				DEVELOPMENT_ASSET_PATHS = "\"Appetizers/Preview Content\"";
				DEVELOPMENT_TEAM = WX96Q8G99E;
				ENABLE_PREVIEWS = YES;
				GENERATE_INFOPLIST_FILE = YES;
				INFOPLIST_KEY_UIApplicationSceneManifest_Generation = YES;
				INFOPLIST_KEY_UIApplicationSupportsIndirectInputEvents = YES;
				INFOPLIST_KEY_UILaunchScreen_Generation = YES;
				INFOPLIST_KEY_UISupportedInterfaceOrientations_iPad = "UIInterfaceOrientationPortrait UIInterfaceOrientationPortraitUpsideDown UIInterfaceOrientationLandscapeLeft UIInterfaceOrientationLandscapeRight";
				INFOPLIST_KEY_UISupportedInterfaceOrientations_iPhone = "UIInterfaceOrientationPortrait UIInterfaceOrientationLandscapeLeft UIInterfaceOrientationLandscapeRight";
				IPHONEOS_DEPLOYMENT_TARGET = 14.0;
				LD_RUNPATH_SEARCH_PATHS = (
					"$(inherited)",
					"@executable_path/Frameworks",
				);
				MARKETING_VERSION = 1.0;
				PRODUCT_BUNDLE_IDENTIFIER = com.jlopesoares.Appetizers;
				PRODUCT_NAME = "$(TARGET_NAME)";
				SWIFT_EMIT_LOC_STRINGS = YES;
				SWIFT_VERSION = 5.0;
				TARGETED_DEVICE_FAMILY = "1,2";
			};
			name = Debug;
		};
		71DA01F62AC7875B0065D295 /* Release */ = {
			isa = XCBuildConfiguration;
			buildSettings = {
				ASSETCATALOG_COMPILER_APPICON_NAME = AppIcon;
				ASSETCATALOG_COMPILER_GLOBAL_ACCENT_COLOR_NAME = AccentColor;
				CODE_SIGN_STYLE = Automatic;
				CURRENT_PROJECT_VERSION = 1;
				DEVELOPMENT_ASSET_PATHS = "\"Appetizers/Preview Content\"";
				DEVELOPMENT_TEAM = WX96Q8G99E;
				ENABLE_PREVIEWS = YES;
				GENERATE_INFOPLIST_FILE = YES;
				INFOPLIST_KEY_UIApplicationSceneManifest_Generation = YES;
				INFOPLIST_KEY_UIApplicationSupportsIndirectInputEvents = YES;
				INFOPLIST_KEY_UILaunchScreen_Generation = YES;
				INFOPLIST_KEY_UISupportedInterfaceOrientations_iPad = "UIInterfaceOrientationPortrait UIInterfaceOrientationPortraitUpsideDown UIInterfaceOrientationLandscapeLeft UIInterfaceOrientationLandscapeRight";
				INFOPLIST_KEY_UISupportedInterfaceOrientations_iPhone = "UIInterfaceOrientationPortrait UIInterfaceOrientationLandscapeLeft UIInterfaceOrientationLandscapeRight";
				IPHONEOS_DEPLOYMENT_TARGET = 14.0;
				LD_RUNPATH_SEARCH_PATHS = (
					"$(inherited)",
					"@executable_path/Frameworks",
				);
				MARKETING_VERSION = 1.0;
				PRODUCT_BUNDLE_IDENTIFIER = com.jlopesoares.Appetizers;
				PRODUCT_NAME = "$(TARGET_NAME)";
				SWIFT_EMIT_LOC_STRINGS = YES;
				SWIFT_VERSION = 5.0;
				TARGETED_DEVICE_FAMILY = "1,2";
			};
			name = Release;
		};
/* End XCBuildConfiguration section */

/* Begin XCConfigurationList section */
		71DA01E12AC787590065D295 /* Build configuration list for PBXProject "Appetizers" */ = {
			isa = XCConfigurationList;
			buildConfigurations = (
				71DA01F22AC7875B0065D295 /* Debug */,
				71DA01F32AC7875B0065D295 /* Release */,
			);
			defaultConfigurationIsVisible = 0;
			defaultConfigurationName = Release;
		};
		71DA01F42AC7875B0065D295 /* Build configuration list for PBXNativeTarget "Appetizers" */ = {
			isa = XCConfigurationList;
			buildConfigurations = (
				71DA01F52AC7875B0065D295 /* Debug */,
				71DA01F62AC7875B0065D295 /* Release */,
			);
			defaultConfigurationIsVisible = 0;
			defaultConfigurationName = Release;
		};
/* End XCConfigurationList section */
	};
	rootObject = 71DA01DE2AC787590065D295 /* Project object */;
}
